<?xml version="1.0" encoding="utf-8"?>
<Project ToolsVersion="4.0" xmlns="http://schemas.microsoft.com/developer/msbuild/2003">
  <ItemGroup>
    <Filter Include="Source Files">
      <UniqueIdentifier>{4FC737F1-C7A5-4376-A066-2A32D752A2FF}</UniqueIdentifier>
      <Extensions>cpp;c;cc;cxx;def;odl;idl;hpj;bat;asm;asmx</Extensions>
    </Filter>
    <Filter Include="Header Files">
      <UniqueIdentifier>{93995380-89BD-4b04-88EB-625FBE52EBFB}</UniqueIdentifier>
      <Extensions>h;hh;hpp;hxx;hm;inl;inc;xsd</Extensions>
    </Filter>
    <Filter Include="Resource Files">
      <UniqueIdentifier>{67DA6AB6-F800-4c08-8B7A-83BB121AAD01}</UniqueIdentifier>
      <Extensions>rc;ico;cur;bmp;dlg;rc2;rct;bin;rgs;gif;jpg;jpeg;jpe;resx;tiff;tif;png;wav;mfcribbon-ms</Extensions>
    </Filter>
    <Filter Include="Source Files\Entity">
      <UniqueIdentifier>{463a88f1-cd3b-4f7f-a61a-fe0768f25ad4}</UniqueIdentifier>
    </Filter>
    <Filter Include="Source Files\Component">
      <UniqueIdentifier>{bb03e289-87ab-418d-9d66-2b2d6f07732d}</UniqueIdentifier>
    </Filter>
    <Filter Include="Header Files\Template">
      <UniqueIdentifier>{c7e8abc6-aa74-4d10-ace2-a2d8b1f4c4c7}</UniqueIdentifier>
    </Filter>
    <Filter Include="Source Files\Template">
      <UniqueIdentifier>{97282a36-74f1-4e37-afc2-868065e2b45f}</UniqueIdentifier>
    </Filter>
    <Filter Include="Source Files\BSP tree">
      <UniqueIdentifier>{c9056260-d759-4649-b0cd-3577bdabca1b}</UniqueIdentifier>
    </Filter>
    <Filter Include="Header Files\BSP Tree">
      <UniqueIdentifier>{a46db062-c159-4b1b-9eb1-bc0e7dc227ee}</UniqueIdentifier>
    </Filter>
    <Filter Include="Header Files\Component">
      <UniqueIdentifier>{1d61cf45-7ee3-466b-849a-f621b4e1404a}</UniqueIdentifier>
    </Filter>
    <Filter Include="Header Files\Entity">
      <UniqueIdentifier>{4062e5aa-c435-471d-a054-f7bbb38741bb}</UniqueIdentifier>
    </Filter>
    <Filter Include="Header Files\Manager">
      <UniqueIdentifier>{87176384-f7a8-4e96-b1be-d94a62739fa0}</UniqueIdentifier>
    </Filter>
    <Filter Include="Source Files\Manager">
      <UniqueIdentifier>{b5ecfa83-4c05-4a1a-b8d5-4aa5d3b3ccc6}</UniqueIdentifier>
    </Filter>
    <Filter Include="Header Files\Level">
      <UniqueIdentifier>{787627f3-877b-4c55-a973-45e0c3dfc4a6}</UniqueIdentifier>
    </Filter>
    <Filter Include="Source Files\Level">
      <UniqueIdentifier>{9230fdda-a694-4772-87ac-a3df08c618bb}</UniqueIdentifier>
    </Filter>
    <Filter Include="Source Files\Component\Collision">
      <UniqueIdentifier>{3f1ec158-b1b7-4e8d-8c46-dd71121d1d01}</UniqueIdentifier>
    </Filter>
    <Filter Include="Header Files\Component\Collision">
      <UniqueIdentifier>{25ef2d3a-1419-43c7-95a9-99a05e7b0bb4}</UniqueIdentifier>
    </Filter>
  </ItemGroup>
  <ItemGroup>
    <ClInclude Include="stdafx.h">
      <Filter>Header Files</Filter>
    </ClInclude>
    <ClInclude Include="surface.h">
      <Filter>Header Files\Template</Filter>
    </ClInclude>
    <ClInclude Include="template.h">
      <Filter>Header Files\Template</Filter>
    </ClInclude>
    <ClInclude Include="game.h">
      <Filter>Header Files\Template</Filter>
    </ClInclude>
    <ClInclude Include="SDLTemplate.h">
      <Filter>Header Files\Template</Filter>
    </ClInclude>
    <ClInclude Include="BspTree.h">
      <Filter>Header Files\BSP Tree</Filter>
    </ClInclude>
    <ClInclude Include="EndNode.h">
      <Filter>Header Files\BSP Tree</Filter>
    </ClInclude>
    <ClInclude Include="SplitNode.h">
      <Filter>Header Files\BSP Tree</Filter>
    </ClInclude>
    <ClInclude Include="TreeNode.h">
      <Filter>Header Files\BSP Tree</Filter>
    </ClInclude>
    <ClInclude Include="Component.h">
      <Filter>Header Files\Component</Filter>
    </ClInclude>
    <ClInclude Include="DummyComponent.h">
      <Filter>Header Files\Component</Filter>
    </ClInclude>
    <ClInclude Include="PlayerInputComponent.h">
      <Filter>Header Files\Component</Filter>
    </ClInclude>
    <ClInclude Include="MoveComponent.h">
      <Filter>Header Files\Component</Filter>
    </ClInclude>
    <ClInclude Include="GameEntity.h">
      <Filter>Header Files\Entity</Filter>
    </ClInclude>
    <ClInclude Include="InputManager.h">
      <Filter>Header Files\Manager</Filter>
    </ClInclude>
    <ClInclude Include="LevelManager.h">
      <Filter>Header Files\Manager</Filter>
    </ClInclude>
    <ClInclude Include="Enum.h">
      <Filter>Header Files\Entity</Filter>
    </ClInclude>
    <ClInclude Include="ILevel.h">
      <Filter>Header Files\Level</Filter>
    </ClInclude>
    <ClInclude Include="Level1.h">
      <Filter>Header Files\Level</Filter>
    </ClInclude>
    <ClInclude Include="DrawComponent.h">
      <Filter>Header Files\Component</Filter>
    </ClInclude>
    <ClInclude Include="DrawManager.h">
      <Filter>Header Files\Manager</Filter>
    </ClInclude>
    <ClInclude Include="EnemyMoveComponent.h">
      <Filter>Header Files\Component</Filter>
    </ClInclude>
    <ClInclude Include="FPSDrawComponent.h">
      <Filter>Header Files\Component</Filter>
    </ClInclude>
    <ClInclude Include="ClickableComponent.h">
      <Filter>Header Files\Component</Filter>
    </ClInclude>
    <ClInclude Include="ComponentMessage.h">
      <Filter>Header Files\Component</Filter>
    </ClInclude>
    <ClInclude Include="CollisionReactionComponent.h">
      <Filter>Header Files\Component\Collision</Filter>
    </ClInclude>
    <ClInclude Include="CollisionComponent.h">
      <Filter>Header Files\Component\Collision</Filter>
    </ClInclude>
    <ClInclude Include="PlayerCollisionReactionComponent.h">
      <Filter>Header Files\Component\Collision</Filter>
    </ClInclude>
    <ClInclude Include="PolicemanCollisionReactionComponent.h">
      <Filter>Header Files\Component\Collision</Filter>
    </ClInclude>
    <ClInclude Include="MainMenu.h">
      <Filter>Header Files\Level</Filter>
    </ClInclude>
    <ClInclude Include="ButtonClickableReactionComponent.h">
      <Filter>Header Files\Component</Filter>
    </ClInclude>
    <ClInclude Include="GameEntityFactory.h">
      <Filter>Header Files\Entity</Filter>
    </ClInclude>
    <ClInclude Include="DrugCollisionReactionComponent.h">
      <Filter>Header Files\Component\Collision</Filter>
    </ClInclude>
  </ItemGroup>
  <ItemGroup>
    <ClCompile Include="DummyComponent.cpp">
      <Filter>Source Files\Component</Filter>
    </ClCompile>
    <ClCompile Include="stdafx.cpp">
      <Filter>Source Files</Filter>
    </ClCompile>
    <ClCompile Include="GameEntity.cpp">
      <Filter>Source Files\Entity</Filter>
    </ClCompile>
    <ClCompile Include="MoveComponent.cpp">
      <Filter>Source Files\Component</Filter>
    </ClCompile>
    <ClCompile Include="surface.cpp">
      <Filter>Source Files\Template</Filter>
    </ClCompile>
    <ClCompile Include="template.cpp">
      <Filter>Source Files\Template</Filter>
    </ClCompile>
    <ClCompile Include="game.cpp">
      <Filter>Source Files\Template</Filter>
    </ClCompile>
    <ClCompile Include="SDLTemplate.cpp">
      <Filter>Source Files\Template</Filter>
    </ClCompile>
    <ClCompile Include="Main.cpp">
      <Filter>Source Files</Filter>
    </ClCompile>
    <ClCompile Include="BspTree.cpp">
      <Filter>Source Files\BSP tree</Filter>
    </ClCompile>
    <ClCompile Include="EndNode.cpp">
      <Filter>Source Files\BSP tree</Filter>
    </ClCompile>
    <ClCompile Include="SplitNode.cpp">
      <Filter>Source Files\BSP tree</Filter>
    </ClCompile>
    <ClCompile Include="TreeNode.cpp">
      <Filter>Source Files\BSP tree</Filter>
    </ClCompile>
    <ClCompile Include="LevelManager.cpp">
      <Filter>Source Files\Manager</Filter>
    </ClCompile>
    <ClCompile Include="InputManager.cpp">
      <Filter>Source Files\Manager</Filter>
    </ClCompile>
    <ClCompile Include="PlayerInputComponent.cpp">
      <Filter>Source Files\Component</Filter>
    </ClCompile>
    <ClCompile Include="Level1.cpp">
      <Filter>Source Files\Level</Filter>
    </ClCompile>
    <ClCompile Include="DrawComponent.cpp">
      <Filter>Source Files\Component</Filter>
    </ClCompile>
    <ClCompile Include="DrawManager.cpp">
      <Filter>Source Files\Manager</Filter>
    </ClCompile>
    <ClCompile Include="EnemyMoveComponent.cpp">
      <Filter>Source Files\Component</Filter>
    </ClCompile>
    <ClCompile Include="GameEntityFactory.cpp">
      <Filter>Source Files\Entity</Filter>
    </ClCompile>
    <ClCompile Include="FPSDrawComponent.cpp">
      <Filter>Source Files\Component</Filter>
    </ClCompile>
    <ClCompile Include="Component.cpp">
      <Filter>Source Files\Component</Filter>
    </ClCompile>
    <ClCompile Include="ClickableComponent.cpp">
      <Filter>Source Files\Component</Filter>
    </ClCompile>
    <ClCompile Include="Ilevel.cpp">
      <Filter>Source Files\Level</Filter>
    </ClCompile>
    <ClCompile Include="CollisionReactionComponent.cpp">
      <Filter>Source Files\Component\Collision</Filter>
    </ClCompile>
    <ClCompile Include="CollisionComponent.cpp">
      <Filter>Source Files\Component\Collision</Filter>
    </ClCompile>
    <ClCompile Include="PlayerCollisionReactionComponent.cpp">
      <Filter>Source Files\Component\Collision</Filter>
    </ClCompile>
    <ClCompile Include="PolicemanCollisionReactionComponent.cpp">
      <Filter>Source Files\Component\Collision</Filter>
    </ClCompile>
    <ClCompile Include="Ilevel.cpp">
      <Filter>Source Files\Level</Filter>
    </ClCompile>
    <ClCompile Include="ButtonClickableReactionComponent.cpp">
      <Filter>Source Files\Component</Filter>
    </ClCompile>
    <ClCompile Include="MainMenu.cpp">
      <Filter>Source Files\Level</Filter>
    </ClCompile>
    <ClCompile Include="DrugCollisionReactionComponent.cpp">
      <Filter>Source Files\Component\Collision</Filter>
    </ClCompile>
  </ItemGroup>
  <ItemGroup>
    <ResourceCompile Include="Overdose.rc">
      <Filter>Resource Files</Filter>
    </ResourceCompile>
  </ItemGroup>
</Project>